# This file is automatically @generated by Cargo.
# It is not intended for manual editing.
version = 4

[[package]]
name = "kamadak-exif"
version = "0.6.1"
source = "registry+https://github.com/rust-lang/crates.io-index"
checksum = "1130d80c7374efad55a117d715a3af9368f0fa7a2c54573afc15a188cd984837"
dependencies = [
 "mutate_once",
]

[[package]]
name = "metadata_bridge"
version = "0.1.0"
dependencies = [
 "kamadak-exif",
]

[[package]]
name = "mutate_once"
version = "0.1.2"
source = "registry+https://github.com/rust-lang/crates.io-index"
checksum = "13d2233c9842d08cfe13f9eac96e207ca6a2ea10b80259ebe8ad0268be27d2af"
